
Microsoft Visual Studio Solution File, Format Version 10.00
# Visual Studio 2008
Project("{8BC9CEB8-8B4A-11D0-8D11-00A0C91BC942}") = "TcpSrv", "TcpSrv\TcpSrv.vcproj", "{778B7354-3BD6-4EC0-8836-980DEE1C76D6}"
EndProject
Project("{8BC9CEB8-8B4A-11D0-8D11-00A0C91BC942}") = "TcpClient", "TcpClient\TcpClient.vcproj", "{8AC8B304-A5ED-4950-A4A3-A2B943512174}"
EndProject
Global
	GlobalSection(SolutionConfigurationPlatforms) = preSolution
		Debug|Win32 = Debug|Win32
		Release|Win32 = Release|Win32
	EndGlobalSection
	GlobalSection(ProjectConfigurationPlatforms) = postSolution
		{778B7354-3BD6-4EC0-8836-980DEE1C76D6}.Debug|Win32.ActiveCfg = Debug|Win32
		{778B7354-3BD6-4EC0-8836-980DEE1C76D6}.Debug|Win32.Build.0 = Debug|Win32
		{778B7354-3BD6-4EC0-8836-980DEE1C76D6}.Release|Win32.ActiveCfg = Release|Win32
		{778B7354-3BD6-4EC0-8836-980DEE1C76D6}.Release|Win32.Build.0 = Release|Win32
		{8AC8B304-A5ED-4950-A4A3-A2B943512174}.Debug|Win32.ActiveCfg = Debug|Win32
		{8AC8B304-A5ED-4950-A4A3-A2B943512174}.Debug|Win32.Build.0 = Debug|Win32
		{8AC8B304-A5ED-4950-A4A3-A2B943512174}.Release|Win32.ActiveCfg = Release|Win32
		{8AC8B304-A5ED-4950-A4A3-A2B943512174}.Release|Win32.Build.0 = Release|Win32
	EndGlobalSection
	GlobalSection(SolutionProperties) = preSolution
		HideSolutionNode = FALSE
	EndGlobalSection
EndGlobal
